# This file is generated by running "yarn install" inside your project.
# Manual changes might be lost - proceed with caution!

__metadata:
  version: 6
  cacheKey: 8

"@cspotcode/source-map-support@npm:^0.8.0":
  version: 0.8.1
  resolution: "@cspotcode/source-map-support@npm:0.8.1"
  dependencies:
    "@jridgewell/trace-mapping": 0.3.9
  checksum: 5718f267085ed8edb3e7ef210137241775e607ee18b77d95aa5bd7514f47f5019aa2d82d96b3bf342ef7aa890a346fa1044532ff7cc3009e7d24fce3ce6200fa
  languageName: node
  linkType: hard

"@envelop/core@npm:^2.0.0":
  version: 2.3.3
  resolution: "@envelop/core@npm:2.3.3"
  dependencies:
    "@envelop/types": 2.2.1
  peerDependencies:
    graphql: ^14.0.0 || ^15.0.0 || ^16.0.0
  checksum: 06a851265bd956f8bf2a91fb77c5e06d41b54fffabcb3701c74412abf295a9a199b6b0e403730e98a247c2d69917a35297bce2c39f5cfa274d5134e5b8504c12
  languageName: node
  linkType: hard

"@envelop/parser-cache@npm:^4.0.0":
  version: 4.3.3
  resolution: "@envelop/parser-cache@npm:4.3.3"
  dependencies:
    tiny-lru: 7.0.6
  peerDependencies:
    "@envelop/core": ^2.3.3
    graphql: ^14.0.0 || ^15.0.0 || ^16.0.0
  checksum: fbf15d514ea0ebaff370a32997977d71651aecb6c5e578d9c0877f8151468a2147dc62adfcfe347e7c2a69c133ab487e88e625b343c03a850a1d7e7bba10d4ca
  languageName: node
  linkType: hard

"@envelop/types@npm:2.2.1":
  version: 2.2.1
  resolution: "@envelop/types@npm:2.2.1"
  peerDependencies:
    graphql: ^14.0.0 || ^15.0.0 || ^16.0.0
  checksum: 294c282b72eecfc78c580ac815ecf96eb2bd6e03ee6fe5e3ec11400a438b2ff361f89b2ec95a0b82ea1b0def7b5efe8a9f995fa795910fd645e36ed30a849746
  languageName: node
  linkType: hard

"@envelop/validation-cache@npm:^4.0.0":
  version: 4.3.3
  resolution: "@envelop/validation-cache@npm:4.3.3"
  dependencies:
    tiny-lru: 7.0.6
  peerDependencies:
    "@envelop/core": ^2.3.3
    graphql: ^14.0.0 || ^15.0.0 || ^16.0.0
  checksum: bae1a577352aef7db3dfd191768364456a816aae9b187a4c7c0ddac6c36dbef54884035dea159db72ba6c288992ec14eb82817af87b315f70a52b66cb6d7a117
  languageName: node
  linkType: hard

"@graphql-tools/merge@npm:8.2.13":
  version: 8.2.13
  resolution: "@graphql-tools/merge@npm:8.2.13"
  dependencies:
    "@graphql-tools/utils": 8.6.12
    tslib: ~2.4.0
  peerDependencies:
    graphql: ^14.0.0 || ^15.0.0 || ^16.0.0 || ^17.0.0
  checksum: 00afcf2e9b278c7a571cc19e656ae20ad68720a5995b6546672ecd19ae3c84bf8bb6d08f21403a56540d82a402223e029009b72105de7c586eb936fc35b5fd54
  languageName: node
  linkType: hard

"@graphql-tools/schema@npm:^8.3.1":
  version: 8.3.13
  resolution: "@graphql-tools/schema@npm:8.3.13"
  dependencies:
    "@graphql-tools/merge": 8.2.13
    "@graphql-tools/utils": 8.6.12
    tslib: ~2.4.0
    value-or-promise: 1.0.11
  peerDependencies:
    graphql: ^14.0.0 || ^15.0.0 || ^16.0.0 || ^17.0.0
  checksum: 13d3da3b08f9c94ce99243950e89e73169c399b93dc0d85f03fd1e36d274f41031525b6ffae479ccfe121e9d376923c3602d8d10799e79ca192002484c6a8cee
  languageName: node
  linkType: hard

"@graphql-tools/utils@npm:8.6.12, @graphql-tools/utils@npm:^8.6.0":
  version: 8.6.12
  resolution: "@graphql-tools/utils@npm:8.6.12"
  dependencies:
    tslib: ~2.4.0
  peerDependencies:
    graphql: ^14.0.0 || ^15.0.0 || ^16.0.0 || ^17.0.0
  checksum: 01a560870c7661e353cf0c7a61f2e515d4aa2def415ba8274ec37874e5fc7c21c84a663c0c3d37505975ca06391819b591cf423ddda5449579860d9f70e0d6ce
  languageName: node
  linkType: hard

"@graphql-typed-document-node/core@npm:^3.1.1":
  version: 3.1.1
  resolution: "@graphql-typed-document-node/core@npm:3.1.1"
  peerDependencies:
    graphql: ^0.8.0 || ^0.9.0 || ^0.10.0 || ^0.11.0 || ^0.12.0 || ^0.13.0 || ^14.0.0 || ^15.0.0 || ^16.0.0
  checksum: 87ff4cee308f1075f4472b80f9f9409667979940f8f701e87f0aa35ce5cf104d94b41258ea8192d05a0893475cd0f086a3929a07663b4fe8d0e805a277f07ed5
  languageName: node
  linkType: hard

"@graphql-yoga/common@npm:2.8.0":
  version: 2.8.0
  resolution: "@graphql-yoga/common@npm:2.8.0"
  dependencies:
    "@envelop/core": ^2.0.0
    "@envelop/parser-cache": ^4.0.0
    "@envelop/validation-cache": ^4.0.0
    "@graphql-tools/schema": ^8.3.1
    "@graphql-tools/utils": ^8.6.0
    "@graphql-typed-document-node/core": ^3.1.1
    "@graphql-yoga/subscription": 2.0.0
    cross-undici-fetch: ^0.4.2
    dset: ^3.1.1
    tslib: ^2.3.1
  peerDependencies:
    graphql: ^15.2.0 || ^16.0.0
  checksum: 642d711a625522ecdbbd73f38043137fc392c22048badd9aece0b33b703173c41c0cb65f9e65a4baea23f247b6d3d0a9739edc0237983fe06443ef84f0b9e217
  languageName: node
  linkType: hard

"@graphql-yoga/node@npm:^2.8.0":
  version: 2.8.0
  resolution: "@graphql-yoga/node@npm:2.8.0"
  dependencies:
    "@envelop/core": ^2.0.0
    "@graphql-tools/utils": ^8.6.0
    "@graphql-yoga/common": 2.8.0
    "@graphql-yoga/subscription": 2.0.0
    cross-undici-fetch: ^0.4.2
    tslib: ^2.3.1
  peerDependencies:
    graphql: ^15.2.0 || ^16.0.0
  checksum: 1ac17c6fcf794f37ae357b716de6399f34f600fca17e9b42767cc40ca9ae1b2c11502a89abab60d8167ab6290188c68fe36cf31dbfe80bbf02f0fd6a7911fc8f
  languageName: node
  linkType: hard

"@graphql-yoga/subscription@npm:2.0.0":
  version: 2.0.0
  resolution: "@graphql-yoga/subscription@npm:2.0.0"
  dependencies:
    "@repeaterjs/repeater": ^3.0.4
    tslib: ^2.3.1
  checksum: 9381c20b8aca2244e77158cb817a60890cdf803a1579ff29ad8b32feb90ab72686709dac7f5a36dd2160a22be986475812a40aba3d087aed7d74836756f4f206
  languageName: node
  linkType: hard

"@jridgewell/resolve-uri@npm:^3.0.3":
  version: 3.0.7
  resolution: "@jridgewell/resolve-uri@npm:3.0.7"
  checksum: 94f454f4cef8f0acaad85745fd3ca6cd0d62ef731cf9f952ecb89b8b2ce5e20998cd52be31311cedc5fa5b28b1708a15f3ad9df0fe1447ee4f42959b036c4b5b
  languageName: node
  linkType: hard

"@jridgewell/sourcemap-codec@npm:^1.4.10":
  version: 1.4.13
  resolution: "@jridgewell/sourcemap-codec@npm:1.4.13"
  checksum: f14449096f60a5f921262322fef65ce0bbbfb778080b3b20212080bcefdeba621c43a58c27065bd536ecb4cc767b18eb9c45f15b6b98a4970139572b60603a1c
  languageName: node
  linkType: hard

"@jridgewell/trace-mapping@npm:0.3.9":
  version: 0.3.9
  resolution: "@jridgewell/trace-mapping@npm:0.3.9"
  dependencies:
    "@jridgewell/resolve-uri": ^3.0.3
    "@jridgewell/sourcemap-codec": ^1.4.10
  checksum: d89597752fd88d3f3480845691a05a44bd21faac18e2185b6f436c3b0fd0c5a859fbbd9aaa92050c4052caf325ad3e10e2e1d1b64327517471b7d51babc0ddef
  languageName: node
  linkType: hard

"@repeaterjs/repeater@npm:^3.0.4":
  version: 3.0.4
  resolution: "@repeaterjs/repeater@npm:3.0.4"
  checksum: cca0db3e802bc26fcce0b4a574074d9956da53bf43094de03c0e4732d05e13441279a92f0b96e2a7a39da50933684947a138c1213406eaafe39cfd4683d6c0df
  languageName: node
  linkType: hard

"@tsconfig/node10@npm:^1.0.7":
  version: 1.0.8
  resolution: "@tsconfig/node10@npm:1.0.8"
  checksum: b8d5fffbc6b17ef64ef74f7fdbccee02a809a063ade785c3648dae59406bc207f70ea2c4296f92749b33019fa36a5ae716e42e49cc7f1bbf0fd147be0d6b970a
  languageName: node
  linkType: hard

"@tsconfig/node12@npm:^1.0.7":
  version: 1.0.9
  resolution: "@tsconfig/node12@npm:1.0.9"
  checksum: a01b2400ab3582b86b589c6d31dcd0c0656f333adecde85d6d7d4086adb059808b82692380bb169546d189bf771ae21d02544a75b57bd6da4a5dd95f8567bec9
  languageName: node
  linkType: hard

"@tsconfig/node14@npm:^1.0.0":
  version: 1.0.1
  resolution: "@tsconfig/node14@npm:1.0.1"
  checksum: 976345e896c0f059867f94f8d0f6ddb8b1844fb62bf36b727de8a9a68f024857e5db97ed51d3325e23e0616a5e48c034ff51a8d595b3fe7e955f3587540489be
  languageName: node
  linkType: hard

"@tsconfig/node16@npm:^1.0.2":
  version: 1.0.2
  resolution: "@tsconfig/node16@npm:1.0.2"
  checksum: ca94d3639714672bbfd55f03521d3f56bb6a25479bd425da81faf21f13e1e9d15f40f97377dedbbf477a5841c5b0c8f4cd1b391f33553d750b9202c54c2c07aa
  languageName: node
  linkType: hard

"@types/node@npm:*":
  version: 17.0.39
  resolution: "@types/node@npm:17.0.39"
  checksum: 1258561d0af920e52a64cdebb58534ba6cf82fd58697d12a55a11a3747b211f98d316a05fb59cd5b453af5305682dade835ec27666d7fe557156080ea645efb8
  languageName: node
  linkType: hard

"@types/ws@npm:^8":
  version: 8.5.3
  resolution: "@types/ws@npm:8.5.3"
  dependencies:
    "@types/node": "*"
  checksum: 0ce46f850d41383fcdc2149bcacc86d7232fa7a233f903d2246dff86e31701a02f8566f40af5f8b56d1834779255c04ec6ec78660fe0f9b2a69cf3d71937e4ae
  languageName: node
  linkType: hard

"abort-controller@npm:^3.0.0":
  version: 3.0.0
  resolution: "abort-controller@npm:3.0.0"
  dependencies:
    event-target-shim: ^5.0.0
  checksum: 170bdba9b47b7e65906a28c8ce4f38a7a369d78e2271706f020849c1bfe0ee2067d4261df8bbb66eb84f79208fd5b710df759d64191db58cfba7ce8ef9c54b75
  languageName: node
  linkType: hard

"accepts@npm:^1.3.7":
  version: 1.3.8
  resolution: "accepts@npm:1.3.8"
  dependencies:
    mime-types: ~2.1.34
    negotiator: 0.6.3
  checksum: 50c43d32e7b50285ebe84b613ee4a3aa426715a7d131b65b786e2ead0fd76b6b60091b9916d3478a75f11f162628a2139991b6c03ab3f1d9ab7c86075dc8eab4
  languageName: node
  linkType: hard

"acorn-walk@npm:^8.1.1":
  version: 8.2.0
  resolution: "acorn-walk@npm:8.2.0"
  checksum: 1715e76c01dd7b2d4ca472f9c58968516a4899378a63ad5b6c2d668bba8da21a71976c14ec5f5b75f887b6317c4ae0b897ab141c831d741dc76024d8745f1ad1
  languageName: node
  linkType: hard

"acorn@npm:^8.4.1":
  version: 8.7.1
  resolution: "acorn@npm:8.7.1"
  bin:
    acorn: bin/acorn
  checksum: aca0aabf98826717920ac2583fdcad0a6fbe4e583fdb6e843af2594e907455aeafe30b1e14f1757cd83ce1776773cf8296ffc3a4acf13f0bd3dfebcf1db6ae80
  languageName: node
  linkType: hard

"arg@npm:^4.1.0":
  version: 4.1.3
  resolution: "arg@npm:4.1.3"
  checksum: 544af8dd3f60546d3e4aff084d451b96961d2267d668670199692f8d054f0415d86fc5497d0e641e91546f0aa920e7c29e5250e99fc89f5552a34b5d93b77f43
  languageName: node
  linkType: hard

"busboy@npm:^1.6.0":
  version: 1.6.0
  resolution: "busboy@npm:1.6.0"
  dependencies:
    streamsearch: ^1.1.0
  checksum: 32801e2c0164e12106bf236291a00795c3c4e4b709ae02132883fe8478ba2ae23743b11c5735a0aae8afe65ac4b6ca4568b91f0d9fed1fdbc32ede824a73746e
  languageName: node
  linkType: hard

"bytes@npm:3.1.2":
  version: 3.1.2
  resolution: "bytes@npm:3.1.2"
  checksum: e4bcd3948d289c5127591fbedf10c0b639ccbf00243504e4e127374a15c3bc8eed0d28d4aaab08ff6f1cf2abc0cce6ba3085ed32f4f90e82a5683ce0014e1b6e
  languageName: node
  linkType: hard

"content-type@npm:^1.0.4":
  version: 1.0.4
  resolution: "content-type@npm:1.0.4"
  checksum: 3d93585fda985d1554eca5ebd251994327608d2e200978fdbfba21c0c679914d5faf266d17027de44b34a72c7b0745b18584ecccaa7e1fdfb6a68ac7114f12e0
  languageName: node
  linkType: hard

"create-require@npm:^1.1.0":
  version: 1.1.1
  resolution: "create-require@npm:1.1.1"
  checksum: a9a1503d4390d8b59ad86f4607de7870b39cad43d929813599a23714831e81c520bddf61bcdd1f8e30f05fd3a2b71ae8538e946eb2786dc65c2bbc520f692eff
  languageName: node
  linkType: hard

"cross-undici-fetch@npm:^0.4.2":
  version: 0.4.5
  resolution: "cross-undici-fetch@npm:0.4.5"
  dependencies:
    abort-controller: ^3.0.0
    busboy: ^1.6.0
    form-data-encoder: ^1.7.1
    formdata-node: ^4.3.1
    node-fetch: ^2.6.7
    undici: ^5.1.0
    web-streams-polyfill: ^3.2.0
  checksum: 85564e0f8679039b6a23a7f0ccfede6f5c26849d1c2ece71eec2342af12ddf6773b847e6877d1cfd28940ed53d8bb501fa412f62ee679d61d2ae1d33124178d7
  languageName: node
  linkType: hard

"depd@npm:2.0.0":
  version: 2.0.0
  resolution: "depd@npm:2.0.0"
  checksum: abbe19c768c97ee2eed6282d8ce3031126662252c58d711f646921c9623f9052e3e1906443066beec1095832f534e57c523b7333f8e7e0d93051ab6baef5ab3a
  languageName: node
  linkType: hard

"depd@npm:~1.1.2":
  version: 1.1.2
  resolution: "depd@npm:1.1.2"
  checksum: 6b406620d269619852885ce15965272b829df6f409724415e0002c8632ab6a8c0a08ec1f0bd2add05dc7bd7507606f7e2cc034fa24224ab829580040b835ecd9
  languageName: node
  linkType: hard

"diff@npm:^4.0.1":
  version: 4.0.2
  resolution: "diff@npm:4.0.2"
  checksum: f2c09b0ce4e6b301c221addd83bf3f454c0bc00caa3dd837cf6c127d6edf7223aa2bbe3b688feea110b7f262adbfc845b757c44c8a9f8c0c5b15d8fa9ce9d20d
  languageName: node
  linkType: hard

"dset@npm:^3.1.1":
  version: 3.1.2
  resolution: "dset@npm:3.1.2"
  checksum: 4f8066f517aa0a70af688c66e9a0a5590f0aada76f6edc7ba9ddb309e27d3a6d65c0a2e31ab2a84005d4c791e5327773cdde59b8ab169050330a0dc283663e87
  languageName: node
  linkType: hard

"event-target-shim@npm:^5.0.0":
  version: 5.0.1
  resolution: "event-target-shim@npm:5.0.1"
  checksum: 1ffe3bb22a6d51bdeb6bf6f7cf97d2ff4a74b017ad12284cc9e6a279e727dc30a5de6bb613e5596ff4dc3e517841339ad09a7eec44266eccb1aa201a30448166
  languageName: node
  linkType: hard

"express-graphql@npm:^0.12.0":
  version: 0.12.0
  resolution: "express-graphql@npm:0.12.0"
  dependencies:
    accepts: ^1.3.7
    content-type: ^1.0.4
    http-errors: 1.8.0
    raw-body: ^2.4.1
  peerDependencies:
    graphql: ^14.7.0 || ^15.3.0
  checksum: c1417718edea0ef337b5efafaf9e09554fc154db241fc073d42d2cc8ebfe1b0316a5651cccf9df02bf4e9a492cdd94799e4894bc89d4b80c8d49ffeb83a97075
  languageName: node
  linkType: hard

"form-data-encoder@npm:^1.7.1":
  version: 1.7.2
  resolution: "form-data-encoder@npm:1.7.2"
  checksum: aeebd87a1cb009e13cbb5e4e4008e6202ed5f6551eb6d9582ba8a062005178907b90f4887899d3c993de879159b6c0c940af8196725b428b4248cec5af3acf5f
  languageName: node
  linkType: hard

"formdata-node@npm:^4.3.1":
  version: 4.3.2
  resolution: "formdata-node@npm:4.3.2"
  dependencies:
    node-domexception: 1.0.0
    web-streams-polyfill: 4.0.0-beta.1
  checksum: e1d7aae7d579775b813ddc8ea4511fee613552715e81b36afb188d3a65b3d4df2ef69017106079ba52d9ab1e3367fea0206862d8ae64c02008ababdb341d2c3d
  languageName: node
  linkType: hard

"graphql-ws@npm:^5.8.2":
  version: 5.8.2
  resolution: "graphql-ws@npm:5.8.2"
  peerDependencies:
    graphql: ">=0.11 <=16"
  checksum: 2f7701ffc531f053c47fd42ea1fa4555775195f621f1ff767d668eef41ab1376900c1ef166c0063dbc81aa49a2aabd60becb517b8d1b7bc0b3dd687bd4d319a6
  languageName: node
  linkType: hard

"graphql@npm:^16.5.0":
  version: 16.5.0
  resolution: "graphql@npm:16.5.0"
  checksum: a82a926d085818934d04fdf303a269af170e79de943678bd2726370a96194f9454ade9d6d76c2de69afbd7b9f0b4f8061619baecbbddbe82125860e675ac219e
  languageName: node
  linkType: hard

"http-errors@npm:1.8.0":
  version: 1.8.0
  resolution: "http-errors@npm:1.8.0"
  dependencies:
    depd: ~1.1.2
    inherits: 2.0.4
    setprototypeof: 1.2.0
    statuses: ">= 1.5.0 < 2"
    toidentifier: 1.0.0
  checksum: 873d997bada0340b31cc69cbe8376e47ee142f60375b81447fa3ad7be512dd4026afb3b46ed2257ee59472d43782a34151994b34264b204bcaad02e67ad836cb
  languageName: node
  linkType: hard

"http-errors@npm:2.0.0":
  version: 2.0.0
  resolution: "http-errors@npm:2.0.0"
  dependencies:
    depd: 2.0.0
    inherits: 2.0.4
    setprototypeof: 1.2.0
    statuses: 2.0.1
    toidentifier: 1.0.1
  checksum: 9b0a3782665c52ce9dc658a0d1560bcb0214ba5699e4ea15aefb2a496e2ca83db03ebc42e1cce4ac1f413e4e0d2d736a3fd755772c556a9a06853ba2a0b7d920
  languageName: node
  linkType: hard

"iconv-lite@npm:0.4.24":
  version: 0.4.24
  resolution: "iconv-lite@npm:0.4.24"
  dependencies:
    safer-buffer: ">= 2.1.2 < 3"
  checksum: bd9f120f5a5b306f0bc0b9ae1edeb1577161503f5f8252a20f1a9e56ef8775c9959fd01c55f2d3a39d9a8abaf3e30c1abeb1895f367dcbbe0a8fd1c9ca01c4f6
  languageName: node
  linkType: hard

"inherits@npm:2.0.4":
  version: 2.0.4
  resolution: "inherits@npm:2.0.4"
  checksum: 4a48a733847879d6cf6691860a6b1e3f0f4754176e4d71494c41f3475553768b10f84b5ce1d40fbd0e34e6bfbb864ee35858ad4dd2cf31e02fc4a154b724d7f1
  languageName: node
  linkType: hard

"make-error@npm:^1.1.1":
  version: 1.3.6
  resolution: "make-error@npm:1.3.6"
  checksum: b86e5e0e25f7f777b77fabd8e2cbf15737972869d852a22b7e73c17623928fccb826d8e46b9951501d3f20e51ad74ba8c59ed584f610526a48f8ccf88aaec402
  languageName: node
  linkType: hard

"mime-db@npm:1.52.0":
  version: 1.52.0
  resolution: "mime-db@npm:1.52.0"
  checksum: 0d99a03585f8b39d68182803b12ac601d9c01abfa28ec56204fa330bc9f3d1c5e14beb049bafadb3dbdf646dfb94b87e24d4ec7b31b7279ef906a8ea9b6a513f
  languageName: node
  linkType: hard

"mime-types@npm:~2.1.34":
  version: 2.1.35
  resolution: "mime-types@npm:2.1.35"
  dependencies:
    mime-db: 1.52.0
  checksum: 89a5b7f1def9f3af5dad6496c5ed50191ae4331cc5389d7c521c8ad28d5fdad2d06fd81baf38fed813dc4e46bb55c8145bb0ff406330818c9cf712fb2e9b3836
  languageName: node
  linkType: hard

"negotiator@npm:0.6.3":
  version: 0.6.3
  resolution: "negotiator@npm:0.6.3"
  checksum: b8ffeb1e262eff7968fc90a2b6767b04cfd9842582a9d0ece0af7049537266e7b2506dfb1d107a32f06dd849ab2aea834d5830f7f4d0e5cb7d36e1ae55d021d9
  languageName: node
  linkType: hard

"node-domexception@npm:1.0.0":
  version: 1.0.0
  resolution: "node-domexception@npm:1.0.0"
  checksum: ee1d37dd2a4eb26a8a92cd6b64dfc29caec72bff5e1ed9aba80c294f57a31ba4895a60fd48347cf17dd6e766da0ae87d75657dfd1f384ebfa60462c2283f5c7f
  languageName: node
  linkType: hard

"node-fetch@npm:^2.6.7":
  version: 2.6.7
  resolution: "node-fetch@npm:2.6.7"
  dependencies:
    whatwg-url: ^5.0.0
  peerDependencies:
    encoding: ^0.1.0
  peerDependenciesMeta:
    encoding:
      optional: true
  checksum: 8d816ffd1ee22cab8301c7756ef04f3437f18dace86a1dae22cf81db8ef29c0bf6655f3215cb0cdb22b420b6fe141e64b26905e7f33f9377a7fa59135ea3e10b
  languageName: node
  linkType: hard

"raw-body@npm:^2.4.1":
  version: 2.5.1
  resolution: "raw-body@npm:2.5.1"
  dependencies:
    bytes: 3.1.2
    http-errors: 2.0.0
    iconv-lite: 0.4.24
    unpipe: 1.0.0
  checksum: 5362adff1575d691bb3f75998803a0ffed8c64eabeaa06e54b4ada25a0cd1b2ae7f4f5ec46565d1bec337e08b5ac90c76eaa0758de6f72a633f025d754dec29e
  languageName: node
  linkType: hard

"root-workspace-0b6124@workspace:.":
  version: 0.0.0-use.local
  resolution: "root-workspace-0b6124@workspace:."
  dependencies:
    "@graphql-yoga/node": ^2.8.0
    "@types/ws": ^8
    express-graphql: ^0.12.0
    graphql: ^16.5.0
    graphql-ws: ^5.8.2
    ts-node: ^10.8.1
    typescript: ^4.7.3
    ws: ^8.7.0
  languageName: unknown
  linkType: soft

"safer-buffer@npm:>= 2.1.2 < 3":
  version: 2.1.2
  resolution: "safer-buffer@npm:2.1.2"
  checksum: cab8f25ae6f1434abee8d80023d7e72b598cf1327164ddab31003c51215526801e40b66c5e65d658a0af1e9d6478cadcb4c745f4bd6751f97d8644786c0978b0
  languageName: node
  linkType: hard

"setprototypeof@npm:1.2.0":
  version: 1.2.0
  resolution: "setprototypeof@npm:1.2.0"
  checksum: be18cbbf70e7d8097c97f713a2e76edf84e87299b40d085c6bf8b65314e994cc15e2e317727342fa6996e38e1f52c59720b53fe621e2eb593a6847bf0356db89
  languageName: node
  linkType: hard

"statuses@npm:2.0.1":
  version: 2.0.1
  resolution: "statuses@npm:2.0.1"
  checksum: 18c7623fdb8f646fb213ca4051be4df7efb3484d4ab662937ca6fbef7ced9b9e12842709872eb3020cc3504b93bde88935c9f6417489627a7786f24f8031cbcb
  languageName: node
  linkType: hard

"statuses@npm:>= 1.5.0 < 2":
  version: 1.5.0
  resolution: "statuses@npm:1.5.0"
  checksum: c469b9519de16a4bb19600205cffb39ee471a5f17b82589757ca7bd40a8d92ebb6ed9f98b5a540c5d302ccbc78f15dc03cc0280dd6e00df1335568a5d5758a5c
  languageName: node
  linkType: hard

"streamsearch@npm:^1.1.0":
  version: 1.1.0
  resolution: "streamsearch@npm:1.1.0"
  checksum: 1cce16cea8405d7a233d32ca5e00a00169cc0e19fbc02aa839959985f267335d435c07f96e5e0edd0eadc6d39c98d5435fb5bbbdefc62c41834eadc5622ad942
  languageName: node
  linkType: hard

"tiny-lru@npm:7.0.6":
  version: 7.0.6
  resolution: "tiny-lru@npm:7.0.6"
  checksum: 36a786a9111a3a358a698c9404783ad3f5396f6ed891672ffa4cd7dec4617abb8dfed6af7611bbaf8a3942a9475534c8b80f9bd58d7efa9aa594f395c9805f09
  languageName: node
  linkType: hard

"toidentifier@npm:1.0.0":
  version: 1.0.0
  resolution: "toidentifier@npm:1.0.0"
  checksum: 199e6bfca1531d49b3506cff02353d53ec987c9ee10ee272ca6484ed97f1fc10fb77c6c009079ca16d5c5be4a10378178c3cacdb41ce9ec954c3297c74c6053e
  languageName: node
  linkType: hard

"toidentifier@npm:1.0.1":
  version: 1.0.1
  resolution: "toidentifier@npm:1.0.1"
  checksum: 952c29e2a85d7123239b5cfdd889a0dde47ab0497f0913d70588f19c53f7e0b5327c95f4651e413c74b785147f9637b17410ac8c846d5d4a20a5a33eb6dc3a45
  languageName: node
  linkType: hard

"tr46@npm:~0.0.3":
  version: 0.0.3
  resolution: "tr46@npm:0.0.3"
  checksum: 726321c5eaf41b5002e17ffbd1fb7245999a073e8979085dacd47c4b4e8068ff5777142fc6726d6ca1fd2ff16921b48788b87225cbc57c72636f6efa8efbffe3
  languageName: node
  linkType: hard

"ts-node@npm:^10.8.1":
  version: 10.8.1
  resolution: "ts-node@npm:10.8.1"
  dependencies:
    "@cspotcode/source-map-support": ^0.8.0
    "@tsconfig/node10": ^1.0.7
    "@tsconfig/node12": ^1.0.7
    "@tsconfig/node14": ^1.0.0
    "@tsconfig/node16": ^1.0.2
    acorn: ^8.4.1
    acorn-walk: ^8.1.1
    arg: ^4.1.0
    create-require: ^1.1.0
    diff: ^4.0.1
    make-error: ^1.1.1
    v8-compile-cache-lib: ^3.0.1
    yn: 3.1.1
  peerDependencies:
    "@swc/core": ">=1.2.50"
    "@swc/wasm": ">=1.2.50"
    "@types/node": "*"
    typescript: ">=2.7"
  peerDependenciesMeta:
    "@swc/core":
      optional: true
    "@swc/wasm":
      optional: true
  bin:
    ts-node: dist/bin.js
    ts-node-cwd: dist/bin-cwd.js
    ts-node-esm: dist/bin-esm.js
    ts-node-script: dist/bin-script.js
    ts-node-transpile-only: dist/bin-transpile.js
    ts-script: dist/bin-script-deprecated.js
  checksum: 7d1aa7aa3ae1c0459c4922ed0dbfbade442cfe0c25aebaf620cdf1774f112c8d7a9b14934cb6719274917f35b2c503ba87bcaf5e16a0d39ba0f68ce3e7728363
  languageName: node
  linkType: hard

"tslib@npm:^2.3.1, tslib@npm:~2.4.0":
  version: 2.4.0
  resolution: "tslib@npm:2.4.0"
  checksum: 8c4aa6a3c5a754bf76aefc38026134180c053b7bd2f81338cb5e5ebf96fefa0f417bff221592bf801077f5bf990562f6264fecbc42cd3309b33872cb6fc3b113
  languageName: node
  linkType: hard

"typescript@npm:^4.7.3":
  version: 4.7.3
  resolution: "typescript@npm:4.7.3"
  bin:
    tsc: bin/tsc
    tsserver: bin/tsserver
  checksum: fd13a1ce53790a36bb8350e1f5e5e384b5f6cb9b0635114a6d01d49cb99916abdcfbc13c7521cdae2f2d3f6d8bc4a8ae7625edf645a04ee940588cd5e7597b2f
  languageName: node
  linkType: hard

"typescript@patch:typescript@^4.7.3#~builtin<compat/typescript>":
  version: 4.7.3
  resolution: "typescript@patch:typescript@npm%3A4.7.3#~builtin<compat/typescript>::version=4.7.3&hash=7ad353"
  bin:
    tsc: bin/tsc
    tsserver: bin/tsserver
  checksum: 137d18a77f52254a284960b16ab53d0619f57b69b5d585804b8413f798a1175ce3e774fb95e6a101868577aafe357d8fcfc9171f0dc9fc0c210e9ae59d107cc0
  languageName: node
  linkType: hard

"undici@npm:^5.1.0":
  version: 5.4.0
  resolution: "undici@npm:5.4.0"
  checksum: 2852397ee1dbb2b3ad58166520ec30f4f0143895f6e7b157dbedfac4e43b522a710a3927be61a67b2ae791190973f206d30785564ece7675e08133427cebaaa1
  languageName: node
  linkType: hard

"unpipe@npm:1.0.0":
  version: 1.0.0
  resolution: "unpipe@npm:1.0.0"
  checksum: 4fa18d8d8d977c55cb09715385c203197105e10a6d220087ec819f50cb68870f02942244f1017565484237f1f8c5d3cd413631b1ae104d3096f24fdfde1b4aa2
  languageName: node
  linkType: hard

"v8-compile-cache-lib@npm:^3.0.1":
  version: 3.0.1
  resolution: "v8-compile-cache-lib@npm:3.0.1"
  checksum: 78089ad549e21bcdbfca10c08850022b22024cdcc2da9b168bcf5a73a6ed7bf01a9cebb9eac28e03cd23a684d81e0502797e88f3ccd27a32aeab1cfc44c39da0
  languageName: node
  linkType: hard

"value-or-promise@npm:1.0.11":
  version: 1.0.11
  resolution: "value-or-promise@npm:1.0.11"
  checksum: 13f8f2ef620118c73b4d1beee8ce6045d7182bbf15090ecfbcafb677ec43698506a5e9ace6bea5ea35c32bc612c9b1f824bb59b6581cdfb5c919052745c277d5
  languageName: node
  linkType: hard

"web-streams-polyfill@npm:4.0.0-beta.1":
  version: 4.0.0-beta.1
  resolution: "web-streams-polyfill@npm:4.0.0-beta.1"
  checksum: 94c21d3aba1c26e5942bb210ffd60c6990cbc750d34bdf548ed93ed845f0a6eac89cdae1dd0195afaba15fbcf4aaca9e397ee40fa4d1f2c191d04d43717bd065
  languageName: node
  linkType: hard

"web-streams-polyfill@npm:^3.2.0":
  version: 3.2.1
  resolution: "web-streams-polyfill@npm:3.2.1"
  checksum: b119c78574b6d65935e35098c2afdcd752b84268e18746606af149e3c424e15621b6f1ff0b42b2676dc012fc4f0d313f964b41a4b5031e525faa03997457da02
  languageName: node
  linkType: hard

"webidl-conversions@npm:^3.0.0":
  version: 3.0.1
  resolution: "webidl-conversions@npm:3.0.1"
  checksum: c92a0a6ab95314bde9c32e1d0a6dfac83b578f8fa5f21e675bc2706ed6981bc26b7eb7e6a1fab158e5ce4adf9caa4a0aee49a52505d4d13c7be545f15021b17c
  languageName: node
  linkType: hard

"whatwg-url@npm:^5.0.0":
  version: 5.0.0
  resolution: "whatwg-url@npm:5.0.0"
  dependencies:
    tr46: ~0.0.3
    webidl-conversions: ^3.0.0
  checksum: b8daed4ad3356cc4899048a15b2c143a9aed0dfae1f611ebd55073310c7b910f522ad75d727346ad64203d7e6c79ef25eafd465f4d12775ca44b90fa82ed9e2c
  languageName: node
  linkType: hard

"ws@npm:^8.7.0":
  version: 8.7.0
  resolution: "ws@npm:8.7.0"
  peerDependencies:
    bufferutil: ^4.0.1
    utf-8-validate: ^5.0.2
  peerDependenciesMeta:
    bufferutil:
      optional: true
    utf-8-validate:
      optional: true
  checksum: 078fa2dbc06b31a45e0057b19e2930d26c222622e355955afe019c9b9b25f62eb2a8eff7cceabdad04910ecd2bd6ef4fa48e6f3673f2fdddff02a6e4c2459584
  languageName: node
  linkType: hard

"yn@npm:3.1.1":
  version: 3.1.1
  resolution: "yn@npm:3.1.1"
  checksum: 2c487b0e149e746ef48cda9f8bad10fc83693cd69d7f9dcd8be4214e985de33a29c9e24f3c0d6bcf2288427040a8947406ab27f7af67ee9456e6b84854f02dd6
  languageName: node
  linkType: hard
